// !$*UTF8*$!
{
	archiveVersion = 1;
	classes = {
	};
	objectVersion = 46;
	objects = {

/* Begin PBXBuildFile section */
		AAF66A4C1DA0843300F955C9 /* AppDelegate.swift in Sources */ = {isa = PBXBuildFile; fileRef = AAF66A4B1DA0843300F955C9 /* AppDelegate.swift */; };
		AAF66A4E1DA0843300F955C9 /* ViewController.swift in Sources */ = {isa = PBXBuildFile; fileRef = AAF66A4D1DA0843300F955C9 /* ViewController.swift */; };
		AAF66A511DA0843300F955C9 /* Main.storyboard in Resources */ = {isa = PBXBuildFile; fileRef = AAF66A4F1DA0843300F955C9 /* Main.storyboard */; };
		AAF66A531DA0843300F955C9 /* Assets.xcassets in Resources */ = {isa = PBXBuildFile; fileRef = AAF66A521DA0843300F955C9 /* Assets.xcassets */; };
		AAF66A561DA0843300F955C9 /* LaunchScreen.storyboard in Resources */ = {isa = PBXBuildFile; fileRef = AAF66A541DA0843300F955C9 /* LaunchScreen.storyboard */; };
/* End PBXBuildFile section */

/* Begin PBXFileReference section */
		AAF66A481DA0843300F955C9 /* AdaptiveSun.app */ = {isa = PBXFileReference; explicitFileType = wrapper.application; includeInIndex = 0; path = AdaptiveSun.app; sourceTree = BUILT_PRODUCTS_DIR; };
		AAF66A4B1DA0843300F955C9 /* AppDelegate.swift */ = {isa = PBXFileReference; lastKnownFileType = sourcecode.swift; path = AppDelegate.swift; sourceTree = "<group>"; };
		AAF66A4D1DA0843300F955C9 /* ViewController.swift */ = {isa = PBXFileReference; lastKnownFileType = sourcecode.swift; path = ViewController.swift; sourceTree = "<group>"; };
		AAF66A501DA0843300F955C9 /* Base */ = {isa = PBXFileReference; lastKnownFileType = file.storyboard; name = Base; path = Base.lproj/Main.storyboard; sourceTree = "<group>"; };
		AAF66A521DA0843300F955C9 /* Assets.xcassets */ = {isa = PBXFileReference; lastKnownFileType = folder.assetcatalog; path = Assets.xcassets; sourceTree = "<group>"; };
		AAF66A551DA0843300F955C9 /* Base */ = {isa = PBXFileReference; lastKnownFileType = file.storyboard; name = Base; path = Base.lproj/LaunchScreen.storyboard; sourceTree = "<group>"; };
		AAF66A571DA0843300F955C9 /* Info.plist */ = {isa = PBXFileReference; lastKnownFileType = text.plist.xml; path = Info.plist; sourceTree = "<group>"; };
/* End PBXFileReference section */

/* Begin PBXFrameworksBuildPhase section */
		AAF66A451DA0843300F955C9 /* Frameworks */ = {
			isa = PBXFrameworksBuildPhase;
			buildActionMask = 2147483647;
			files = (
			);
			runOnlyForDeploymentPostprocessing = 0;
		};
/* End PBXFrameworksBuildPhase section */

/* Begin PBXGroup section */
		AAF66A3F1DA0843200F955C9 = {
			isa = PBXGroup;
			children = (
				AAF66A4A1DA0843300F955C9 /* AdaptiveSun */,
				AAF66A491DA0843300F955C9 /* Products */,
			);
			sourceTree = "<group>";
		};
		AAF66A491DA0843300F955C9 /* Products */ = {
			isa = PBXGroup;
			children = (
				AAF66A481DA0843300F955C9 /* AdaptiveSun.app */,
			);
			name = Products;
			sourceTree = "<group>";
		};
		AAF66A4A1DA0843300F955C9 /* AdaptiveSun */ = {
			isa = PBXGroup;
			children = (
				AAF66A4B1DA0843300F955C9 /* AppDelegate.swift */,
				AAF66A4D1DA0843300F955C9 /* ViewController.swift */,
				AAF66A4F1DA0843300F955C9 /* Main.storyboard */,
				AAF66A521DA0843300F955C9 /* Assets.xcassets */,
				AAF66A541DA0843300F955C9 /* LaunchScreen.storyboard */,
				AAF66A571DA0843300F955C9 /* Info.plist */,
			);
			path = AdaptiveSun;
			sourceTree = "<group>";
		};
/* End PBXGroup section */

/* Begin PBXNativeTarget section */
		AAF66A471DA0843300F955C9 /* AdaptiveSun */ = {
			isa = PBXNativeTarget;
			buildConfigurationList = AAF66A5A1DA0843300F955C9 /* Build configuration list for PBXNativeTarget "AdaptiveSun" */;
			buildPhases = (
				AAF66A441DA0843300F955C9 /* Sources */,
				AAF66A451DA0843300F955C9 /* Frameworks */,
				AAF66A461DA0843300F955C9 /* Resources */,
			);
			buildRules = (
			);
			dependencies = (
			);
			name = AdaptiveSun;
			productName = AdaptiveSun;
			productReference = AAF66A481DA0843300F955C9 /* AdaptiveSun.app */;
			productType = "com.apple.product-type.application";
		};
/* End PBXNativeTarget section */

/* Begin PBXProject section */
		AAF66A401DA0843300F955C9 /* Project object */ = {
			isa = PBXProject;
			attributes = {
				LastSwiftUpdateCheck = 0800;
				LastUpgradeCheck = 0800;
				ORGANIZATIONNAME = steve;
				TargetAttributes = {
					AAF66A471DA0843300F955C9 = {
						CreatedOnToolsVersion = 8.0;
						ProvisioningStyle = Automatic;
					};
				};
			};
			buildConfigurationList = AAF66A431DA0843300F955C9 /* Build configuration list for PBXProject "AdaptiveSun" */;
			compatibilityVersion = "Xcode 3.2";
			developmentRegion = English;
			hasScannedForEncodings = 0;
			knownRegions = (
				en,
				Base,
			);
			mainGroup = AAF66A3F1DA0843200F955C9;
			productRefGroup = AAF66A491DA0843300F955C9 /* Products */;
			projectDirPath = "";
			projectRoot = "";
			targets = (
				AAF66A471DA0843300F955C9 /* AdaptiveSun */,
			);
		};
/* End PBXProject section */

/* Begin PBXResourcesBuildPhase section */
		AAF66A461DA0843300F955C9 /* Resources */ = {
			isa = PBXResourcesBuildPhase;
			buildActionMask = 2147483647;
			files = (
				AAF66A561DA0843300F955C9 /* LaunchScreen.storyboard in Resources */,
				AAF66A531DA0843300F955C9 /* Assets.xcassets in Resources */,
				AAF66A511DA0843300F955C9 /* Main.storyboard in Resources */,
			);
			runOnlyForDeploymentPostprocessing = 0;
		};
/* End PBXResourcesBuildPhase section */

/* Begin PBXSourcesBuildPhase section */
		AAF66A441DA0843300F955C9 /* Sources */ = {
			isa = PBXSourcesBuildPhase;
			buildActionMask = 2147483647;
			files = (
				AAF66A4E1DA0843300F955C9 /* ViewController.swift in Sources */,
				AAF66A4C1DA0843300F955C9 /* AppDelegate.swift in Sources */,
			);
			runOnlyForDeploymentPostprocessing = 0;
		};
/* End PBXSourcesBuildPhase section */

/* Begin PBXVariantGroup section */
		AAF66A4F1DA0843300F955C9 /* Main.storyboard */ = {
			isa = PBXVariantGroup;
			children = (
				AAF66A501DA0843300F955C9 /* Base */,
			);
			name = Main.storyboard;
			sourceTree = "<group>";
		};
		AAF66A541DA0843300F955C9 /* LaunchScreen.storyboard */ = {
			isa = PBXVariantGroup;
			children = (
				AAF66A551DA0843300F955C9 /* Base */,
			);
			name = LaunchScreen.storyboard;
			sourceTree = "<group>";
		};
/* End PBXVariantGroup section */

/* Begin XCBuildConfiguration section */
		AAF66A581DA0843300F955C9 /* Debug */ = {
			isa = XCBuildConfiguration;
			buildSettings = {
				ALWAYS_SEARCH_USER_PATHS = NO;
				CLANG_ANALYZER_NONNULL = YES;
				CLANG_CXX_LANGUAGE_STANDARD = "gnu++0x";
				CLANG_CXX_LIBRARY = "libc++";
				CLANG_ENABLE_MODULES = YES;
				CLANG_ENABLE_OBJC_ARC = YES;
				CLANG_WARN_BOOL_CONVERSION = YES;
				CLANG_WARN_CONSTANT_CONVERSION = YES;
				CLANG_WARN_DIRECT_OBJC_ISA_USAGE = YES_ERROR;
				CLANG_WARN_DOCUMENTATION_COMMENTS = YES;
				CLANG_WARN_EMPTY_BODY = YES;
				CLANG_WARN_ENUM_CONVERSION = YES;
				CLANG_WARN_INFINITE_RECURSION = YES;
				CLANG_WARN_INT_CONVERSION = YES;
				CLANG_WARN_OBJC_ROOT_CLASS = YES_ERROR;
				CLANG_WARN_SUSPICIOUS_MOVES = YES;
				CLANG_WARN_UNREACHABLE_CODE = YES;
				CLANG_WARN__DUPLICATE_METHOD_MATCH = YES;
				"CODE_SIGN_IDENTITY[sdk=iphoneos*]" = "iPhone Developer";
				COPY_PHASE_STRIP = NO;
				DEBUG_INFORMATION_FORMAT = dwarf;
				ENABLE_STRICT_OBJC_MSGSEND = YES;
				ENABLE_TESTABILITY = YES;
				GCC_C_LANGUAGE_STANDARD = gnu99;
				GCC_DYNAMIC_NO_PIC = NO;
				GCC_NO_COMMON_BLOCKS = YES;
				GCC_OPTIMIZATION_LEVEL = 0;
				GCC_PREPROCESSOR_DEFINITIONS = (
					"DEBUG=1",
					"$(inherited)",
				);
				GCC_WARN_64_TO_32_BIT_CONVERSION = YES;
				GCC_WARN_ABOUT_RETURN_TYPE = YES_ERROR;
				GCC_WARN_UNDECLARED_SELECTOR = YES;
				GCC_WARN_UNINITIALIZED_AUTOS = YES_AGGRESSIVE;
				GCC_WARN_UNUSED_FUNCTION = YES;
				GCC_WARN_UNUSED_VARIABLE = YES;
				IPHONEOS_DEPLOYMENT_TARGET = 10.0;
				MTL_ENABLE_DEBUG_INFO = YES;
				ONLY_ACTIVE_ARCH = YES;
				SDKROOT = iphoneos;
				SWIFT_ACTIVE_COMPILATION_CONDITIONS = DEBUG;
				SWIFT_OPTIMIZATION_LEVEL = "-Onone";
				TARGETED_DEVICE_FAMILY = "1,2";
			};
			name = Debug;
		};
		AAF66A591DA0843300F955C9 /* Release */ = {
			isa = XCBuildConfiguration;
			buildSettings = {
				ALWAYS_SEARCH_USER_PATHS = NO;
				CLANG_ANALYZER_NONNULL = YES;
				CLANG_CXX_LANGUAGE_STANDARD = "gnu++0x";
				CLANG_CXX_LIBRARY = "libc++";
				CLANG_ENABLE_MODULES = YES;
				CLANG_ENABLE_OBJC_ARC = YES;
				CLANG_WARN_BOOL_CONVERSION = YES;
				CLANG_WARN_CONSTANT_CONVERSION = YES;
				CLANG_WARN_DIRECT_OBJC_ISA_USAGE = YES_ERROR;
				CLANG_WARN_DOCUMENTATION_COMMENTS = YES;
				CLANG_WARN_EMPTY_BODY = YES;
				CLANG_WARN_ENUM_CONVERSION = YES;
				CLANG_WARN_INFINITE_RECURSION = YES;
				CLANG_WARN_INT_CONVERSION = YES;
				CLANG_WARN_OBJC_ROOT_CLASS = YES_ERROR;
				CLANG_WARN_SUSPICIOUS_MOVES = YES;
				CLANG_WARN_UNREACHABLE_CODE = YES;
				CLANG_WARN__DUPLICATE_METHOD_MATCH = YES;
				"CODE_SIGN_IDENTITY[sdk=iphoneos*]" = "iPhone Developer";
				COPY_PHASE_STRIP = NO;
				DEBUG_INFORMATION_FORMAT = "dwarf-with-dsym";
				ENABLE_NS_ASSERTIONS = NO;
				ENABLE_STRICT_OBJC_MSGSEND = YES;
				GCC_C_LANGUAGE_STANDARD = gnu99;
				GCC_NO_COMMON_BLOCKS = YES;
				GCC_WARN_64_TO_32_BIT_CONVERSION = YES;
				GCC_WARN_ABOUT_RETURN_TYPE = YES_ERROR;
				GCC_WARN_UNDECLARED_SELECTOR = YES;
				GCC_WARN_UNINITIALIZED_AUTOS = YES_AGGRESSIVE;
				GCC_WARN_UNUSED_FUNCTION = YES;
				GCC_WARN_UNUSED_VARIABLE = YES;
				IPHONEOS_DEPLOYMENT_TARGET = 10.0;
				MTL_ENABLE_DEBUG_INFO = NO;
				SDKROOT = iphoneos;
				SWIFT_OPTIMIZATION_LEVEL = "-Owholemodule";
				TARGETED_DEVICE_FAMILY = "1,2";
				VALIDATE_PRODUCT = YES;
			};
			name = Release;
		};
		AAF66A5B1DA0843300F955C9 /* Debug */ = {
			isa = XCBuildConfiguration;
			buildSettings = {
				ASSETCATALOG_COMPILER_APPICON_NAME = AppIcon;
				INFOPLIST_FILE = AdaptiveSun/Info.plist;
				LD_RUNPATH_SEARCH_PATHS = "$(inherited) @executable_path/Frameworks";
				PRODUCT_BUNDLE_IDENTIFIER = com.cocoanutmobile.AdaptiveSun;
				PRODUCT_NAME = "$(TARGET_NAME)";
				SWIFT_VERSION = 3.0;
			};
			name = Debug;
		};
		AAF66A5C1DA0843300F955C9 /* Release */ = {
			isa = XCBuildConfiguration;
			buildSettings = {
				ASSETCATALOG_COMPILER_APPICON_NAME = AppIcon;
				INFOPLIST_FILE = AdaptiveSun/Info.plist;
				LD_RUNPATH_SEARCH_PATHS = "$(inherited) @executable_path/Frameworks";
				PRODUCT_BUNDLE_IDENTIFIER = com.cocoanutmobile.AdaptiveSun;
				PRODUCT_NAME = "$(TARGET_NAME)";
				SWIFT_VERSION = 3.0;
			};
			name = Release;
		};
/* End XCBuildConfiguration section */

/* Begin XCConfigurationList section */
		AAF66A431DA0843300F955C9 /* Build configuration list for PBXProject "AdaptiveSun" */ = {
			isa = XCConfigurationList;
			buildConfigurations = (
				AAF66A581DA0843300F955C9 /* Debug */,
				AAF66A591DA0843300F955C9 /* Release */,
			);
			defaultConfigurationIsVisible = 0;
			defaultConfigurationName = Release;
		};
		AAF66A5A1DA0843300F955C9 /* Build configuration list for PBXNativeTarget "AdaptiveSun" */ = {
			isa = XCConfigurationList;
			buildConfigurations = (
				AAF66A5B1DA0843300F955C9 /* Debug */,
				AAF66A5C1DA0843300F955C9 /* Release */,
			);
			defaultConfigurationIsVisible = 0;
		};
/* End XCConfigurationList section */
	};
	rootObject = AAF66A401DA0843300F955C9 /* Project object */;
}
